<?xml version="1.0" encoding="utf-8"?>
<Project ToolsVersion="4.0" xmlns="http://schemas.microsoft.com/developer/msbuild/2003">
  <ItemGroup>
    <Filter Include="Source Files">
      <UniqueIdentifier>{4FC737F1-C7A5-4376-A066-2A32D752A2FF}</UniqueIdentifier>
      <Extensions>cpp;c;cc;cxx;def;odl;idl;hpj;bat;asm;asmx</Extensions>
    </Filter>
    <Filter Include="Header Files">
      <UniqueIdentifier>{93995380-89BD-4b04-88EB-625FBE52EBFB}</UniqueIdentifier>
      <Extensions>h;hh;hpp;hxx;hm;inl;inc;ipp;xsd</Extensions>
    </Filter>
    <Filter Include="Resource Files">
      <UniqueIdentifier>{67DA6AB6-F800-4c08-8B7A-83BB121AAD01}</UniqueIdentifier>
      <Extensions>rc;ico;cur;bmp;dlg;rc2;rct;bin;rgs;gif;jpg;jpeg;jpe;resx;tiff;tif;png;wav;mfcribbon-ms</Extensions>
    </Filter>
    <Filter Include="Header Files\res">
      <UniqueIdentifier>{31c29d84-497c-4106-9f1a-f4f347409c19}</UniqueIdentifier>
    </Filter>
    <Filter Include="Header Files\UIElement">
      <UniqueIdentifier>{ff62973c-8a71-472b-9184-293e56af16b5}</UniqueIdentifier>
    </Filter>
    <Filter Include="Source Files\UIElement">
      <UniqueIdentifier>{28924261-1afd-4ddd-b50d-c897e958f05d}</UniqueIdentifier>
    </Filter>
  </ItemGroup>
  <ItemGroup>
    <ClInclude Include="..\src\framework.h">
      <Filter>Header Files</Filter>
    </ClInclude>
    <ClInclude Include="..\src\targetver.h">
      <Filter>Header Files</Filter>
    </ClInclude>
    <ClInclude Include="..\src\res\Resource.h">
      <Filter>Header Files\res</Filter>
    </ClInclude>
    <ClInclude Include="..\src\CalculatorApp.h">
      <Filter>Header Files</Filter>
    </ClInclude>
    <ClInclude Include="..\src\UIElement\Button.h">
      <Filter>Header Files\UIElement</Filter>
    </ClInclude>
    <ClInclude Include="..\src\UIElement\UIElement.h">
      <Filter>Header Files\UIElement</Filter>
    </ClInclude>
  </ItemGroup>
  <ItemGroup>
    <Image Include="..\res\Calculator.ico">
      <Filter>Resource Files</Filter>
    </Image>
    <Image Include="..\res\small.ico">
      <Filter>Resource Files</Filter>
    </Image>
  </ItemGroup>
  <ItemGroup>
    <ResourceCompile Include="..\res\Calculator.rc">
      <Filter>Resource Files</Filter>
    </ResourceCompile>
  </ItemGroup>
  <ItemGroup>
    <ClCompile Include="..\src\WinMain.cpp">
      <Filter>Source Files</Filter>
    </ClCompile>
    <ClCompile Include="..\src\CalculatorApp.cpp">
      <Filter>Source Files</Filter>
    </ClCompile>
    <ClCompile Include="..\src\UIElement\Button.cpp">
      <Filter>Source Files\UIElement</Filter>
    </ClCompile>
    <ClCompile Include="..\src\UIElement\UIElement.cpp">
      <Filter>Source Files\UIElement</Filter>
    </ClCompile>
  </ItemGroup>
</Project>